// !$*UTF8*$!
{
	archiveVersion = 1;
	classes = {
	};
	objectVersion = 55;
	objects = {

/* Begin PBXBuildFile section */
		F862145E28DCB6F5005A6624 /* MusicPlaylist.swift in Sources */ = {isa = PBXBuildFile; fileRef = F862145D28DCB6F5005A6624 /* MusicPlaylist.swift */; };
		F862146028DD5C7D005A6624 /* LibraryBasedDiscovery.swift in Sources */ = {isa = PBXBuildFile; fileRef = F862145F28DD5C7D005A6624 /* LibraryBasedDiscovery.swift */; };
		F862146228DD6878005A6624 /* PlaylistRow.swift in Sources */ = {isa = PBXBuildFile; fileRef = F862146128DD6878005A6624 /* PlaylistRow.swift */; };
		F8839E3828E92FC700943C1A /* DetectAndDiscoverSheet.swift in Sources */ = {isa = PBXBuildFile; fileRef = F8839E3728E92FC700943C1A /* DetectAndDiscoverSheet.swift */; };
		F8839E3A28E9303900943C1A /* History.swift in Sources */ = {isa = PBXBuildFile; fileRef = F8839E3928E9303900943C1A /* History.swift */; };
		F8839E3C28E934CC00943C1A /* AllPlaylists.swift in Sources */ = {isa = PBXBuildFile; fileRef = F8839E3B28E934CC00943C1A /* AllPlaylists.swift */; };
		F89C1B9A2884243000FDFDBC /* MusicDiscoveryApp.swift in Sources */ = {isa = PBXBuildFile; fileRef = F89C1B992884243000FDFDBC /* MusicDiscoveryApp.swift */; };
		F89C1B9C2884243000FDFDBC /* ContentView.swift in Sources */ = {isa = PBXBuildFile; fileRef = F89C1B9B2884243000FDFDBC /* ContentView.swift */; };
		F89C1B9E2884243200FDFDBC /* Assets.xcassets in Resources */ = {isa = PBXBuildFile; fileRef = F89C1B9D2884243200FDFDBC /* Assets.xcassets */; };
		F89C1BA12884243200FDFDBC /* Preview Assets.xcassets in Resources */ = {isa = PBXBuildFile; fileRef = F89C1BA02884243200FDFDBC /* Preview Assets.xcassets */; };
		F89C1BB12884376B00FDFDBC /* MusicTrackRow.swift in Sources */ = {isa = PBXBuildFile; fileRef = F89C1BB02884376B00FDFDBC /* MusicTrackRow.swift */; };
		F89C1BB52884393000FDFDBC /* MusicTrack.swift in Sources */ = {isa = PBXBuildFile; fileRef = F89C1BB42884393000FDFDBC /* MusicTrack.swift */; };
		F89C1BB9288B9AA400FDFDBC /* MusicTrackList.swift in Sources */ = {isa = PBXBuildFile; fileRef = F89C1BB8288B9AA400FDFDBC /* MusicTrackList.swift */; };
		F89C1BBB288CFAC000FDFDBC /* ModelData.swift in Sources */ = {isa = PBXBuildFile; fileRef = F89C1BBA288CFAC000FDFDBC /* ModelData.swift */; };
		F89C1BC1288D441800FDFDBC /* PlaybackBar.swift in Sources */ = {isa = PBXBuildFile; fileRef = F89C1BC0288D441800FDFDBC /* PlaybackBar.swift */; };
		F89C1BC3288D481700FDFDBC /* PlayPauseButton.swift in Sources */ = {isa = PBXBuildFile; fileRef = F89C1BC2288D481700FDFDBC /* PlayPauseButton.swift */; };
		F89E34C22897396800743B6D /* ColorKit in Frameworks */ = {isa = PBXBuildFile; productRef = F89E34C12897396800743B6D /* ColorKit */; };
		F89E34C528973FEB00743B6D /* ColorArrange.swift in Sources */ = {isa = PBXBuildFile; fileRef = F89E34C428973FEB00743B6D /* ColorArrange.swift */; };
		F89E34C7289BCC7300743B6D /* ProgressSlider.swift in Sources */ = {isa = PBXBuildFile; fileRef = F89E34C6289BCC7300743B6D /* ProgressSlider.swift */; };
		F8D28B8F28DF08D2002116A8 /* PlaylistView.swift in Sources */ = {isa = PBXBuildFile; fileRef = F8D28B8E28DF08D2002116A8 /* PlaylistView.swift */; };
/* End PBXBuildFile section */

/* Begin PBXFileReference section */
		F862145D28DCB6F5005A6624 /* MusicPlaylist.swift */ = {isa = PBXFileReference; lastKnownFileType = sourcecode.swift; path = MusicPlaylist.swift; sourceTree = "<group>"; };
		F862145F28DD5C7D005A6624 /* LibraryBasedDiscovery.swift */ = {isa = PBXFileReference; lastKnownFileType = sourcecode.swift; path = LibraryBasedDiscovery.swift; sourceTree = "<group>"; };
		F862146128DD6878005A6624 /* PlaylistRow.swift */ = {isa = PBXFileReference; lastKnownFileType = sourcecode.swift; path = PlaylistRow.swift; sourceTree = "<group>"; };
		F8839E3728E92FC700943C1A /* DetectAndDiscoverSheet.swift */ = {isa = PBXFileReference; lastKnownFileType = sourcecode.swift; path = DetectAndDiscoverSheet.swift; sourceTree = "<group>"; };
		F8839E3928E9303900943C1A /* History.swift */ = {isa = PBXFileReference; lastKnownFileType = sourcecode.swift; path = History.swift; sourceTree = "<group>"; };
		F8839E3B28E934CC00943C1A /* AllPlaylists.swift */ = {isa = PBXFileReference; lastKnownFileType = sourcecode.swift; path = AllPlaylists.swift; sourceTree = "<group>"; };
		F89C1B962884243000FDFDBC /* MusicDiscovery.app */ = {isa = PBXFileReference; explicitFileType = wrapper.application; includeInIndex = 0; path = MusicDiscovery.app; sourceTree = BUILT_PRODUCTS_DIR; };
		F89C1B992884243000FDFDBC /* MusicDiscoveryApp.swift */ = {isa = PBXFileReference; lastKnownFileType = sourcecode.swift; path = MusicDiscoveryApp.swift; sourceTree = "<group>"; };
		F89C1B9B2884243000FDFDBC /* ContentView.swift */ = {isa = PBXFileReference; lastKnownFileType = sourcecode.swift; path = ContentView.swift; sourceTree = "<group>"; };
		F89C1B9D2884243200FDFDBC /* Assets.xcassets */ = {isa = PBXFileReference; lastKnownFileType = folder.assetcatalog; path = Assets.xcassets; sourceTree = "<group>"; };
		F89C1BA02884243200FDFDBC /* Preview Assets.xcassets */ = {isa = PBXFileReference; lastKnownFileType = folder.assetcatalog; path = "Preview Assets.xcassets"; sourceTree = "<group>"; };
		F89C1BB02884376B00FDFDBC /* MusicTrackRow.swift */ = {isa = PBXFileReference; lastKnownFileType = sourcecode.swift; path = MusicTrackRow.swift; sourceTree = "<group>"; };
		F89C1BB42884393000FDFDBC /* MusicTrack.swift */ = {isa = PBXFileReference; lastKnownFileType = sourcecode.swift; path = MusicTrack.swift; sourceTree = "<group>"; };
		F89C1BB8288B9AA400FDFDBC /* MusicTrackList.swift */ = {isa = PBXFileReference; lastKnownFileType = sourcecode.swift; path = MusicTrackList.swift; sourceTree = "<group>"; };
		F89C1BBA288CFAC000FDFDBC /* ModelData.swift */ = {isa = PBXFileReference; lastKnownFileType = sourcecode.swift; path = ModelData.swift; sourceTree = "<group>"; };
		F89C1BBC288D422600FDFDBC /* Info.plist */ = {isa = PBXFileReference; lastKnownFileType = text.plist; path = Info.plist; sourceTree = "<group>"; };
		F89C1BC0288D441800FDFDBC /* PlaybackBar.swift */ = {isa = PBXFileReference; lastKnownFileType = sourcecode.swift; path = PlaybackBar.swift; sourceTree = "<group>"; };
		F89C1BC2288D481700FDFDBC /* PlayPauseButton.swift */ = {isa = PBXFileReference; lastKnownFileType = sourcecode.swift; path = PlayPauseButton.swift; sourceTree = "<group>"; };
		F89E34C428973FEB00743B6D /* ColorArrange.swift */ = {isa = PBXFileReference; lastKnownFileType = sourcecode.swift; path = ColorArrange.swift; sourceTree = "<group>"; };
		F89E34C6289BCC7300743B6D /* ProgressSlider.swift */ = {isa = PBXFileReference; lastKnownFileType = sourcecode.swift; path = ProgressSlider.swift; sourceTree = "<group>"; };
		F8D28B8E28DF08D2002116A8 /* PlaylistView.swift */ = {isa = PBXFileReference; lastKnownFileType = sourcecode.swift; path = PlaylistView.swift; sourceTree = "<group>"; };
/* End PBXFileReference section */

/* Begin PBXFrameworksBuildPhase section */
		F89C1B932884243000FDFDBC /* Frameworks */ = {
			isa = PBXFrameworksBuildPhase;
			buildActionMask = 2147483647;
			files = (
				F89E34C22897396800743B6D /* ColorKit in Frameworks */,
			);
			runOnlyForDeploymentPostprocessing = 0;
		};
/* End PBXFrameworksBuildPhase section */

/* Begin PBXGroup section */
		F89C1B8D2884243000FDFDBC = {
			isa = PBXGroup;
			children = (
				F89C1B982884243000FDFDBC /* MusicDiscovery */,
				F89C1B972884243000FDFDBC /* Products */,
			);
			sourceTree = "<group>";
		};
		F89C1B972884243000FDFDBC /* Products */ = {
			isa = PBXGroup;
			children = (
				F89C1B962884243000FDFDBC /* MusicDiscovery.app */,
			);
			name = Products;
			sourceTree = "<group>";
		};
		F89C1B982884243000FDFDBC /* MusicDiscovery */ = {
			isa = PBXGroup;
			children = (
				F89E34C328973FC500743B6D /* Helper */,
				F89C1BBC288D422600FDFDBC /* Info.plist */,
				F89C1BA82884280D00FDFDBC /* Model */,
				F89C1BA72884280700FDFDBC /* View */,
				F89C1B992884243000FDFDBC /* MusicDiscoveryApp.swift */,
				F89C1B9B2884243000FDFDBC /* ContentView.swift */,
				F89C1B9D2884243200FDFDBC /* Assets.xcassets */,
				F89C1B9F2884243200FDFDBC /* Preview Content */,
			);
			path = MusicDiscovery;
			sourceTree = "<group>";
		};
		F89C1B9F2884243200FDFDBC /* Preview Content */ = {
			isa = PBXGroup;
			children = (
				F89C1BA02884243200FDFDBC /* Preview Assets.xcassets */,
			);
			path = "Preview Content";
			sourceTree = "<group>";
		};
		F89C1BA72884280700FDFDBC /* View */ = {
			isa = PBXGroup;
			children = (
				F89C1BBF288D440700FDFDBC /* MusicPlayer */,
				F89C1BAF2884375100FDFDBC /* MusicCollection */,
				F862145F28DD5C7D005A6624 /* LibraryBasedDiscovery.swift */,
				F8839E3728E92FC700943C1A /* DetectAndDiscoverSheet.swift */,
				F8839E3928E9303900943C1A /* History.swift */,
			);
			path = View;
			sourceTree = "<group>";
		};
		F89C1BA82884280D00FDFDBC /* Model */ = {
			isa = PBXGroup;
			children = (
				F89C1BB42884393000FDFDBC /* MusicTrack.swift */,
				F89C1BBA288CFAC000FDFDBC /* ModelData.swift */,
				F862145D28DCB6F5005A6624 /* MusicPlaylist.swift */,
			);
			path = Model;
			sourceTree = "<group>";
		};
		F89C1BAF2884375100FDFDBC /* MusicCollection */ = {
			isa = PBXGroup;
			children = (
				F89C1BB02884376B00FDFDBC /* MusicTrackRow.swift */,
				F89C1BB8288B9AA400FDFDBC /* MusicTrackList.swift */,
				F862146128DD6878005A6624 /* PlaylistRow.swift */,
				F8D28B8E28DF08D2002116A8 /* PlaylistView.swift */,
				F8839E3B28E934CC00943C1A /* AllPlaylists.swift */,
			);
			path = MusicCollection;
			sourceTree = "<group>";
		};
		F89C1BBF288D440700FDFDBC /* MusicPlayer */ = {
			isa = PBXGroup;
			children = (
				F89C1BC0288D441800FDFDBC /* PlaybackBar.swift */,
				F89C1BC2288D481700FDFDBC /* PlayPauseButton.swift */,
				F89E34C6289BCC7300743B6D /* ProgressSlider.swift */,
			);
			path = MusicPlayer;
			sourceTree = "<group>";
		};
		F89E34C328973FC500743B6D /* Helper */ = {
			isa = PBXGroup;
			children = (
				F89E34C428973FEB00743B6D /* ColorArrange.swift */,
			);
			path = Helper;
			sourceTree = "<group>";
		};
/* End PBXGroup section */

/* Begin PBXNativeTarget section */
		F89C1B952884243000FDFDBC /* MusicDiscovery */ = {
			isa = PBXNativeTarget;
			buildConfigurationList = F89C1BA42884243200FDFDBC /* Build configuration list for PBXNativeTarget "MusicDiscovery" */;
			buildPhases = (
				F89C1B922884243000FDFDBC /* Sources */,
				F89C1B932884243000FDFDBC /* Frameworks */,
				F89C1B942884243000FDFDBC /* Resources */,
			);
			buildRules = (
			);
			dependencies = (
			);
			name = MusicDiscovery;
			packageProductDependencies = (
				F89E34C12897396800743B6D /* ColorKit */,
			);
			productName = MusicDiscovery;
			productReference = F89C1B962884243000FDFDBC /* MusicDiscovery.app */;
			productType = "com.apple.product-type.application";
		};
/* End PBXNativeTarget section */

/* Begin PBXProject section */
		F89C1B8E2884243000FDFDBC /* Project object */ = {
			isa = PBXProject;
			attributes = {
				BuildIndependentTargetsInParallel = 1;
				LastSwiftUpdateCheck = 1340;
				LastUpgradeCheck = 1400;
				TargetAttributes = {
					F89C1B952884243000FDFDBC = {
						CreatedOnToolsVersion = 13.4.1;
					};
				};
			};
			buildConfigurationList = F89C1B912884243000FDFDBC /* Build configuration list for PBXProject "MusicDiscovery" */;
			compatibilityVersion = "Xcode 13.0";
			developmentRegion = en;
			hasScannedForEncodings = 0;
			knownRegions = (
				en,
				Base,
				fr,
			);
			mainGroup = F89C1B8D2884243000FDFDBC;
			packageReferences = (
				F89E34C02897396800743B6D /* XCRemoteSwiftPackageReference "ColorKit" */,
			);
			productRefGroup = F89C1B972884243000FDFDBC /* Products */;
			projectDirPath = "";
			projectRoot = "";
			targets = (
				F89C1B952884243000FDFDBC /* MusicDiscovery */,
			);
		};
/* End PBXProject section */

/* Begin PBXResourcesBuildPhase section */
		F89C1B942884243000FDFDBC /* Resources */ = {
			isa = PBXResourcesBuildPhase;
			buildActionMask = 2147483647;
			files = (
				F89C1BA12884243200FDFDBC /* Preview Assets.xcassets in Resources */,
				F89C1B9E2884243200FDFDBC /* Assets.xcassets in Resources */,
			);
			runOnlyForDeploymentPostprocessing = 0;
		};
/* End PBXResourcesBuildPhase section */

/* Begin PBXSourcesBuildPhase section */
		F89C1B922884243000FDFDBC /* Sources */ = {
			isa = PBXSourcesBuildPhase;
			buildActionMask = 2147483647;
			files = (
				F862146228DD6878005A6624 /* PlaylistRow.swift in Sources */,
				F89E34C528973FEB00743B6D /* ColorArrange.swift in Sources */,
				F8839E3828E92FC700943C1A /* DetectAndDiscoverSheet.swift in Sources */,
				F89E34C7289BCC7300743B6D /* ProgressSlider.swift in Sources */,
				F89C1BC1288D441800FDFDBC /* PlaybackBar.swift in Sources */,
				F89C1BB52884393000FDFDBC /* MusicTrack.swift in Sources */,
				F8D28B8F28DF08D2002116A8 /* PlaylistView.swift in Sources */,
				F89C1BB12884376B00FDFDBC /* MusicTrackRow.swift in Sources */,
				F8839E3C28E934CC00943C1A /* AllPlaylists.swift in Sources */,
				F89C1B9C2884243000FDFDBC /* ContentView.swift in Sources */,
				F89C1BC3288D481700FDFDBC /* PlayPauseButton.swift in Sources */,
				F8839E3A28E9303900943C1A /* History.swift in Sources */,
				F89C1BB9288B9AA400FDFDBC /* MusicTrackList.swift in Sources */,
				F89C1B9A2884243000FDFDBC /* MusicDiscoveryApp.swift in Sources */,
				F862145E28DCB6F5005A6624 /* MusicPlaylist.swift in Sources */,
				F862146028DD5C7D005A6624 /* LibraryBasedDiscovery.swift in Sources */,
				F89C1BBB288CFAC000FDFDBC /* ModelData.swift in Sources */,
			);
			runOnlyForDeploymentPostprocessing = 0;
		};
/* End PBXSourcesBuildPhase section */

/* Begin XCBuildConfiguration section */
		F89C1BA22884243200FDFDBC /* Debug */ = {
			isa = XCBuildConfiguration;
			buildSettings = {
				ALWAYS_SEARCH_USER_PATHS = NO;
				CLANG_ANALYZER_LOCALIZABILITY_NONLOCALIZED = YES;
				CLANG_ANALYZER_NONNULL = YES;
				CLANG_ANALYZER_NUMBER_OBJECT_CONVERSION = YES_AGGRESSIVE;
				CLANG_CXX_LANGUAGE_STANDARD = "gnu++17";
				CLANG_ENABLE_MODULES = YES;
				CLANG_ENABLE_OBJC_ARC = YES;
				CLANG_ENABLE_OBJC_WEAK = YES;
				CLANG_WARN_BLOCK_CAPTURE_AUTORELEASING = YES;
				CLANG_WARN_BOOL_CONVERSION = YES;
				CLANG_WARN_COMMA = YES;
				CLANG_WARN_CONSTANT_CONVERSION = YES;
				CLANG_WARN_DEPRECATED_OBJC_IMPLEMENTATIONS = YES;
				CLANG_WARN_DIRECT_OBJC_ISA_USAGE = YES_ERROR;
				CLANG_WARN_DOCUMENTATION_COMMENTS = YES;
				CLANG_WARN_EMPTY_BODY = YES;
				CLANG_WARN_ENUM_CONVERSION = YES;
				CLANG_WARN_INFINITE_RECURSION = YES;
				CLANG_WARN_INT_CONVERSION = YES;
				CLANG_WARN_NON_LITERAL_NULL_CONVERSION = YES;
				CLANG_WARN_OBJC_IMPLICIT_RETAIN_SELF = YES;
				CLANG_WARN_OBJC_LITERAL_CONVERSION = YES;
				CLANG_WARN_OBJC_ROOT_CLASS = YES_ERROR;
				CLANG_WARN_QUOTED_INCLUDE_IN_FRAMEWORK_HEADER = YES;
				CLANG_WARN_RANGE_LOOP_ANALYSIS = YES;
				CLANG_WARN_STRICT_PROTOTYPES = YES;
				CLANG_WARN_SUSPICIOUS_MOVE = YES;
				CLANG_WARN_UNGUARDED_AVAILABILITY = YES_AGGRESSIVE;
				CLANG_WARN_UNREACHABLE_CODE = YES;
				CLANG_WARN__DUPLICATE_METHOD_MATCH = YES;
				COPY_PHASE_STRIP = NO;
				DEBUG_INFORMATION_FORMAT = dwarf;
				ENABLE_STRICT_OBJC_MSGSEND = YES;
				ENABLE_TESTABILITY = YES;
				GCC_C_LANGUAGE_STANDARD = gnu11;
				GCC_DYNAMIC_NO_PIC = NO;
				GCC_NO_COMMON_BLOCKS = YES;
				GCC_OPTIMIZATION_LEVEL = 0;
				GCC_PREPROCESSOR_DEFINITIONS = (
					"DEBUG=1",
					"$(inherited)",
				);
				GCC_WARN_64_TO_32_BIT_CONVERSION = YES;
				GCC_WARN_ABOUT_RETURN_TYPE = YES_ERROR;
				GCC_WARN_UNDECLARED_SELECTOR = YES;
				GCC_WARN_UNINITIALIZED_AUTOS = YES_AGGRESSIVE;
				GCC_WARN_UNUSED_FUNCTION = YES;
				GCC_WARN_UNUSED_VARIABLE = YES;
				IPHONEOS_DEPLOYMENT_TARGET = 16.0;
				MTL_ENABLE_DEBUG_INFO = INCLUDE_SOURCE;
				MTL_FAST_MATH = YES;
				ONLY_ACTIVE_ARCH = YES;
				SDKROOT = iphoneos;
				SWIFT_ACTIVE_COMPILATION_CONDITIONS = DEBUG;
				SWIFT_OPTIMIZATION_LEVEL = "-Onone";
			};
			name = Debug;
		};
		F89C1BA32884243200FDFDBC /* Release */ = {
			isa = XCBuildConfiguration;
			buildSettings = {
				ALWAYS_SEARCH_USER_PATHS = NO;
				CLANG_ANALYZER_LOCALIZABILITY_NONLOCALIZED = YES;
				CLANG_ANALYZER_NONNULL = YES;
				CLANG_ANALYZER_NUMBER_OBJECT_CONVERSION = YES_AGGRESSIVE;
				CLANG_CXX_LANGUAGE_STANDARD = "gnu++17";
				CLANG_ENABLE_MODULES = YES;
				CLANG_ENABLE_OBJC_ARC = YES;
				CLANG_ENABLE_OBJC_WEAK = YES;
				CLANG_WARN_BLOCK_CAPTURE_AUTORELEASING = YES;
				CLANG_WARN_BOOL_CONVERSION = YES;
				CLANG_WARN_COMMA = YES;
				CLANG_WARN_CONSTANT_CONVERSION = YES;
				CLANG_WARN_DEPRECATED_OBJC_IMPLEMENTATIONS = YES;
				CLANG_WARN_DIRECT_OBJC_ISA_USAGE = YES_ERROR;
				CLANG_WARN_DOCUMENTATION_COMMENTS = YES;
				CLANG_WARN_EMPTY_BODY = YES;
				CLANG_WARN_ENUM_CONVERSION = YES;
				CLANG_WARN_INFINITE_RECURSION = YES;
				CLANG_WARN_INT_CONVERSION = YES;
				CLANG_WARN_NON_LITERAL_NULL_CONVERSION = YES;
				CLANG_WARN_OBJC_IMPLICIT_RETAIN_SELF = YES;
				CLANG_WARN_OBJC_LITERAL_CONVERSION = YES;
				CLANG_WARN_OBJC_ROOT_CLASS = YES_ERROR;
				CLANG_WARN_QUOTED_INCLUDE_IN_FRAMEWORK_HEADER = YES;
				CLANG_WARN_RANGE_LOOP_ANALYSIS = YES;
				CLANG_WARN_STRICT_PROTOTYPES = YES;
				CLANG_WARN_SUSPICIOUS_MOVE = YES;
				CLANG_WARN_UNGUARDED_AVAILABILITY = YES_AGGRESSIVE;
				CLANG_WARN_UNREACHABLE_CODE = YES;
				CLANG_WARN__DUPLICATE_METHOD_MATCH = YES;
				COPY_PHASE_STRIP = NO;
				DEBUG_INFORMATION_FORMAT = "dwarf-with-dsym";
				ENABLE_NS_ASSERTIONS = NO;
				ENABLE_STRICT_OBJC_MSGSEND = YES;
				GCC_C_LANGUAGE_STANDARD = gnu11;
				GCC_NO_COMMON_BLOCKS = YES;
				GCC_WARN_64_TO_32_BIT_CONVERSION = YES;
				GCC_WARN_ABOUT_RETURN_TYPE = YES_ERROR;
				GCC_WARN_UNDECLARED_SELECTOR = YES;
				GCC_WARN_UNINITIALIZED_AUTOS = YES_AGGRESSIVE;
				GCC_WARN_UNUSED_FUNCTION = YES;
				GCC_WARN_UNUSED_VARIABLE = YES;
				IPHONEOS_DEPLOYMENT_TARGET = 16.0;
				MTL_ENABLE_DEBUG_INFO = NO;
				MTL_FAST_MATH = YES;
				SDKROOT = iphoneos;
				SWIFT_COMPILATION_MODE = wholemodule;
				SWIFT_OPTIMIZATION_LEVEL = "-O";
				VALIDATE_PRODUCT = YES;
			};
			name = Release;
		};
		F89C1BA52884243200FDFDBC /* Debug */ = {
			isa = XCBuildConfiguration;
			buildSettings = {
				ASSETCATALOG_COMPILER_APPICON_NAME = AppIcon;
				ASSETCATALOG_COMPILER_GLOBAL_ACCENT_COLOR_NAME = AccentColor;
				CODE_SIGN_STYLE = Automatic;
				CURRENT_PROJECT_VERSION = 1;
				DEVELOPMENT_ASSET_PATHS = "\"MusicDiscovery/Preview Content\"";
				DEVELOPMENT_TEAM = 3JZK8358R9;
				ENABLE_PREVIEWS = YES;
				GENERATE_INFOPLIST_FILE = YES;
				INFOPLIST_FILE = MusicDiscovery/Info.plist;
				INFOPLIST_KEY_NSAppleMusicUsageDescription = "Please allow access to continue.";
				INFOPLIST_KEY_UIApplicationSceneManifest_Generation = YES;
				INFOPLIST_KEY_UIApplicationSupportsIndirectInputEvents = YES;
				INFOPLIST_KEY_UILaunchScreen_Generation = YES;
				INFOPLIST_KEY_UISupportedInterfaceOrientations_iPad = "UIInterfaceOrientationPortrait UIInterfaceOrientationPortraitUpsideDown UIInterfaceOrientationLandscapeLeft UIInterfaceOrientationLandscapeRight";
				INFOPLIST_KEY_UISupportedInterfaceOrientations_iPhone = "UIInterfaceOrientationPortrait UIInterfaceOrientationLandscapeLeft UIInterfaceOrientationLandscapeRight";
				IPHONEOS_DEPLOYMENT_TARGET = 16.0;
				LD_RUNPATH_SEARCH_PATHS = (
					"$(inherited)",
					"@executable_path/Frameworks",
				);
				MARKETING_VERSION = 1.0;
				PRODUCT_BUNDLE_IDENTIFIER = "Ryunosuke-Tateoka.MusicDiscovery";
				PRODUCT_NAME = "$(TARGET_NAME)";
				SWIFT_EMIT_LOC_STRINGS = YES;
				SWIFT_VERSION = 5.0;
				TARGETED_DEVICE_FAMILY = "1,2";
			};
			name = Debug;
		};
		F89C1BA62884243200FDFDBC /* Release */ = {
			isa = XCBuildConfiguration;
			buildSettings = {
				ASSETCATALOG_COMPILER_APPICON_NAME = AppIcon;
				ASSETCATALOG_COMPILER_GLOBAL_ACCENT_COLOR_NAME = AccentColor;
				CODE_SIGN_STYLE = Automatic;
				CURRENT_PROJECT_VERSION = 1;
				DEVELOPMENT_ASSET_PATHS = "\"MusicDiscovery/Preview Content\"";
				DEVELOPMENT_TEAM = 3JZK8358R9;
				ENABLE_PREVIEWS = YES;
				GENERATE_INFOPLIST_FILE = YES;
				INFOPLIST_FILE = MusicDiscovery/Info.plist;
				INFOPLIST_KEY_NSAppleMusicUsageDescription = "Please allow access to continue.";
				INFOPLIST_KEY_UIApplicationSceneManifest_Generation = YES;
				INFOPLIST_KEY_UIApplicationSupportsIndirectInputEvents = YES;
				INFOPLIST_KEY_UILaunchScreen_Generation = YES;
				INFOPLIST_KEY_UISupportedInterfaceOrientations_iPad = "UIInterfaceOrientationPortrait UIInterfaceOrientationPortraitUpsideDown UIInterfaceOrientationLandscapeLeft UIInterfaceOrientationLandscapeRight";
				INFOPLIST_KEY_UISupportedInterfaceOrientations_iPhone = "UIInterfaceOrientationPortrait UIInterfaceOrientationLandscapeLeft UIInterfaceOrientationLandscapeRight";
				IPHONEOS_DEPLOYMENT_TARGET = 16.0;
				LD_RUNPATH_SEARCH_PATHS = (
					"$(inherited)",
					"@executable_path/Frameworks",
				);
				MARKETING_VERSION = 1.0;
				PRODUCT_BUNDLE_IDENTIFIER = "Ryunosuke-Tateoka.MusicDiscovery";
				PRODUCT_NAME = "$(TARGET_NAME)";
				SWIFT_EMIT_LOC_STRINGS = YES;
				SWIFT_VERSION = 5.0;
				TARGETED_DEVICE_FAMILY = "1,2";
			};
			name = Release;
		};
/* End XCBuildConfiguration section */

/* Begin XCConfigurationList section */
		F89C1B912884243000FDFDBC /* Build configuration list for PBXProject "MusicDiscovery" */ = {
			isa = XCConfigurationList;
			buildConfigurations = (
				F89C1BA22884243200FDFDBC /* Debug */,
				F89C1BA32884243200FDFDBC /* Release */,
			);
			defaultConfigurationIsVisible = 0;
			defaultConfigurationName = Release;
		};
		F89C1BA42884243200FDFDBC /* Build configuration list for PBXNativeTarget "MusicDiscovery" */ = {
			isa = XCConfigurationList;
			buildConfigurations = (
				F89C1BA52884243200FDFDBC /* Debug */,
				F89C1BA62884243200FDFDBC /* Release */,
			);
			defaultConfigurationIsVisible = 0;
			defaultConfigurationName = Release;
		};
/* End XCConfigurationList section */

/* Begin XCRemoteSwiftPackageReference section */
		F89E34C02897396800743B6D /* XCRemoteSwiftPackageReference "ColorKit" */ = {
			isa = XCRemoteSwiftPackageReference;
			repositoryURL = "https://github.com/Boris-Em/ColorKit.git";
			requirement = {
				branch = master;
				kind = branch;
			};
		};
/* End XCRemoteSwiftPackageReference section */

/* Begin XCSwiftPackageProductDependency section */
		F89E34C12897396800743B6D /* ColorKit */ = {
			isa = XCSwiftPackageProductDependency;
			package = F89E34C02897396800743B6D /* XCRemoteSwiftPackageReference "ColorKit" */;
			productName = ColorKit;
		};
/* End XCSwiftPackageProductDependency section */
	};
	rootObject = F89C1B8E2884243000FDFDBC /* Project object */;
}
